
Microsoft Visual Studio Solution File, Format Version 12.00
# Visual Studio Version 16
VisualStudioVersion = 16.0.31105.61
MinimumVisualStudioVersion = 10.0.40219.1
Project("{FAE04EC0-301F-11D3-BF4B-00C04F79EFBC}") = "Sleeqcarhire", "Sleeqcarhire\Sleeqcarhire.csproj", "{6DBB9C14-6E79-475D-BC9F-2DB3B581D6FD}"
EndProject
Global
	GlobalSection(SolutionConfigurationPlatforms) = preSolution
		Debug|Any CPU = Debug|Any CPU
		Release|Any CPU = Release|Any CPU
	EndGlobalSection
	GlobalSection(ProjectConfigurationPlatforms) = postSolution
		{6DBB9C14-6E79-475D-BC9F-2DB3B581D6FD}.Debug|Any CPU.ActiveCfg = Debug|Any CPU
		{6DBB9C14-6E79-475D-BC9F-2DB3B581D6FD}.Debug|Any CPU.Build.0 = Debug|Any CPU
		{6DBB9C14-6E79-475D-BC9F-2DB3B581D6FD}.Release|Any CPU.ActiveCfg = Release|Any CPU
		{6DBB9C14-6E79-475D-BC9F-2DB3B581D6FD}.Release|Any CPU.Build.0 = Release|Any CPU
	EndGlobalSection
	GlobalSection(SolutionProperties) = preSolution
		HideSolutionNode = FALSE
	EndGlobalSection
	GlobalSection(ExtensibilityGlobals) = postSolution
		SolutionGuid = {24AF2FF1-6061-427D-8746-37B6171F04A7}
	EndGlobalSection
EndGlobal
